github.com/a-h/templ v0.3.833 h1:L/KOk/0VvVTBegtE0fp2RJQiBm7/52Zxv5fqlEHiQUU=
github.com/a-h/templ v0.3.833/go.mod h1:cAu4AiZhtJfBjMY0HASlyzvkrtjnHWPeEsyGK2YYmfk=
github.com/creack/pty v1.1.9/go.mod h1:oKZEueFk5CKHvIhNR5MUki03XCEU+Q6VDXinZuGJ33E=
github.com/davecgh/go-spew v1.1.1 h1:vj9j/u1bqnvCEfJOwUhtlOARqs3+rkHYY13jYWTU97c=
github.com/davecgh/go-spew v1.1.1/go.mod h1:J7Y8YcW2NihsgmVo/mv3lAwl/skON4iLHjSsI+c5H38=
github.com/go-logr/logr v1.4.2 h1:6pFjapn8bFcIbiKo3XT4j/BhANplGihG6tvd+8rYgrY=
github.com/go-logr/logr v1.4.2/go.mod h1:9T104GzyrTigFIr8wt5mBrctHMim0Nb2HLGrmQ40KvY=
github.com/go-task/slim-sprig/v3 v3.0.0 h1:sUs3vkvUymDpBKi3qH1YSqBQk9+9D/8M2mN1vB6EwHI=
github.com/go-task/slim-sprig/v3 v3.0.0/go.mod h1:W848ghGpv3Qj3dhTPRyJypKRiqCdHZiAzKg9hl15HA8=
github.com/google/go-cmp v0.5.6/go.mod h1:v8dTdLbMG2kIc/vJvl+f65V22dbkXbowE6jgT/gNBxE=
github.com/google/go-cmp v0.7.0 h1:wk8382ETsv4JYUZwIsn6YpYiWiBsYLSJiTsyBybVuN8=
github.com/google/go-cmp v0.7.0/go.mod h1:pXiqmnSA92OHEEa9HXL2W4E7lf9JzCmGVUdgjX3N/iU=
github.com/google/gofuzz v1.2.0 h1:xRy4A+RhZaiKjJ1bPfwQ8sedCA+YS2YcCHW6ec7JMi0=
github.com/google/gofuzz v1.2.0/go.mod h1:dBl0BpW6vV/+mYPU4Po3pmUjxk6FQPldtuIdl/M65Eg=
github.com/google/pprof v0.0.0-20241210010833-40e02aabc2ad h1:a6HEuzUHeKH6hwfN/ZoQgRgVIWFJljSWa/zetS2WTvg=
github.com/google/pprof v0.0.0-20241210010833-40e02aabc2ad/go.mod h1:vavhavw2zAxS5dIdcRluK6cSGGPlZynqzFM8NdvU144=
github.com/gorilla/schema v1.4.1 h1:jUg5hUjCSDZpNGLuXQOgIWGdlgrIdYvgQ0wZtdK1M3E=
github.com/gorilla/schema v1.4.1/go.mod h1:Dg5SSm5PV60mhF2NFaTV1xuYYj8tV8NOPRo4FggUMnM=
github.com/gorilla/securecookie v1.1.2 h1:YCIWL56dvtr73r6715mJs5ZvhtnY73hBvEF8kXD8ePA=
github.com/gorilla/securecookie v1.1.2/go.mod h1:NfCASbcHqRSY+3a8tlWJwsQap2VX5pwzwo4h3eOamfo=
github.com/gorilla/sessions v1.4.0 h1:kpIYOp/oi6MG/p5PgxApU8srsSw9tuFbt46Lt7auzqQ=
github.com/gorilla/sessions v1.4.0/go.mod h1:FLWm50oby91+hl7p/wRxDth9bWSuk0qVL2emc7lT5ik=
github.com/gost-dom/css v0.1.0 h1:O4aXjnYonQH1EDwKysXCQOgGVLwCWd/+HJeGO15sDIE=
github.com/gost-dom/css v0.1.0/go.mod h1:BYfl+dr6Dzl6RoKn4op6TynJ7GmFqP0kFCM44NEVgNs=
github.com/gost-dom/fixture v0.1.0 h1:7PnEpkuww1QBOh4gyoR8updPfyosHJfxmFRY+2t05+w=
github.com/gost-dom/fixture v0.1.0/go.mod h1:7mSGaBhOfi/NO+YiD426CQ1DTkko62vYxoSVRmveqqY=
github.com/gost-dom/surgeon v0.0.0-20250310114259-45edf00bd5ac h1:60E9YeTYFT8xao2WyqbvjlOeueuMkEI09YhnpsHyAtM=
github.com/gost-dom/surgeon v0.0.0-20250310114259-45edf00bd5ac/go.mod h1:yTxFs5diMkm08rnY/k+BJrBmWf5OEfinFAc3+56ikXM=
github.com/gost-dom/v8go v0.0.0-20250226155312-422158da51fa h1:3aeBc/+rftAe2hHJy1YvUXI90qCQpmep2n26N+Ljhl4=
github.com/gost-dom/v8go v0.0.0-20250226155312-422158da51fa/go.mod h1:JQOTnkUY77lDSgrMlPMlUCLONzDS/kycRc8ZtbiZDm0=
github.com/kr/pty v1.1.1/go.mod h1:pFQYn66WHrOpPYNljwOMqo10TkYh1fy3cYio2l3bCsQ=
github.com/kr/text v0.1.0/go.mod h1:4Jbv+DJW3UT/LiOwJeYQe1efqtUx/iVham/4vfdArNI=
github.com/kr/text v0.2.0 h1:5Nx0Ya0ZqY2ygV366QzturHI13Jq95ApcVaJBhpS+AY=
github.com/kr/text v0.2.0/go.mod h1:eLer722TekiGuMkidMxC/pM04lWEeraHUUmBw8l2grE=
github.com/matoous/go-nanoid/v2 v2.1.0 h1:P64+dmq21hhWdtvZfEAofnvJULaRR1Yib0+PnU669bE=
github.com/matoous/go-nanoid/v2 v2.1.0/go.mod h1:KlbGNQ+FhrUNIHUxZdL63t7tl4LaPkZNpUULS8H4uVM=
github.com/niemeyer/pretty v0.0.0-20200227124842-a10e7caefd8e h1:fD57ERR4JtEqsWbfPhv4DMiApHyliiK5xCTNVSPiaAs=
github.com/niemeyer/pretty v0.0.0-20200227124842-a10e7caefd8e/go.mod h1:zD1mROLANZcx1PVRCS0qkT7pwLkGfwJo4zjcN/Tysno=
github.com/onsi/ginkgo/v2 v2.22.2 h1:/3X8Panh8/WwhU/3Ssa6rCKqPLuAkVY2I0RoyDLySlU=
github.com/onsi/ginkgo/v2 v2.22.2/go.mod h1:oeMosUL+8LtarXBHu/c0bx2D/K9zyQ6uX3cTyztHwsk=
github.com/onsi/gomega v1.36.2 h1:koNYke6TVk6ZmnyHrCXba/T/MoLBXFjeC1PtvYgw0A8=
github.com/onsi/gomega v1.36.2/go.mod h1:DdwyADRjrc825LhMEkD76cHR5+pUnjhUN8GlHlRPHzY=
github.com/pmezard/go-difflib v1.0.0 h1:4DBwDE0NGyQoBHbLQYPwSUPoCMWR5BEzIk/f1lZbAQM=
github.com/pmezard/go-difflib v1.0.0/go.mod h1:iKH77koFhYxTK1pcRnkKkqfTogsbg7gZNVY4sRDYZ/4=
github.com/quasoft/memstore v0.0.0-20191010062613-2bce066d2b0b h1:aUNXCGgukb4gtY99imuIeoh8Vr0GSwAlYxPAhqZrpFc=
github.com/quasoft/memstore v0.0.0-20191010062613-2bce066d2b0b/go.mod h1:wTPjTepVu7uJBYgZ0SdWHQlIas582j6cn2jgk4DDdlg=
github.com/stretchr/objx v0.5.2 h1:xuMeJ0Sdp5ZMRXx/aWO6RZxdr3beISkG5/G/aIRr3pY=
github.com/stretchr/objx v0.5.2/go.mod h1:FRsXN1f5AsAjCGJKqEizvkpNtU+EGNCLh3NxZ/8L+MA=
github.com/stretchr/testify v1.10.0 h1:Xv5erBjTwe/5IxqUQTdXv5kgmIvbHo3QQyRwhJsOfJA=
github.com/stretchr/testify v1.10.0/go.mod h1:r2ic/lqez/lEtzL7wO/rwa5dbSLXVDPFyf8C91i36aY=
github.com/tommie/v8go/deps/android_amd64 v0.0.0-20250402043228-5f86851c373c h1:V71ruK+OsISC8ZxUaDDWVXqf2/SyxeOW0U7ImF6eshY=
github.com/tommie/v8go/deps/android_amd64 v0.0.0-20250402043228-5f86851c373c/go.mod h1:+SU4RWSqMXAx2oR/Gzkyc1YAG6F8SCzttMv3sZkh+qY=
github.com/tommie/v8go/deps/android_arm64 v0.0.0-20250402043228-5f86851c373c h1:qiDyujrxA/9aU7U0PaVa7HxdqXqL0vja3uzPOtSB2Cs=
github.com/tommie/v8go/deps/android_arm64 v0.0.0-20250402043228-5f86851c373c/go.mod h1:cR4ynUc528GmLCLOb3c1iM2d6qZ5DCVHh+eAD7sJDBQ=
github.com/tommie/v8go/deps/darwin_amd64 v0.0.0-20250402043228-5f86851c373c h1:yiQK0JJBQ4KcNBfidcLyjZWYcb1btQWLEI+oeAwuKzs=
github.com/tommie/v8go/deps/darwin_amd64 v0.0.0-20250402043228-5f86851c373c/go.mod h1:0qn9w9F7mniTrixPYggJNQQtpAkb9OKY3STy3SSEBi4=
github.com/tommie/v8go/deps/darwin_arm64 v0.0.0-20250402043228-5f86851c373c h1:ekjY59UDhjQ/Ctdt1+29+N8SgM+/wMLZd/FfMOsyhTA=
github.com/tommie/v8go/deps/darwin_arm64 v0.0.0-20250402043228-5f86851c373c/go.mod h1:bd8hssu+JaGC4mIE9SukKia0TYs5v977mNodhgpJrdo=
github.com/tommie/v8go/deps/linux_amd64 v0.0.0-20250402043228-5f86851c373c h1:jzHG/2EXJHvuvHHNzMs1L9EOMudVKDTlahi0BDhp2jg=
github.com/tommie/v8go/deps/linux_amd64 v0.0.0-20250402043228-5f86851c373c/go.mod h1:ZKG7g6Rah4/ZRzb07qFrQI/EPSm2PMj1cN/9y4fxgO8=
github.com/tommie/v8go/deps/linux_arm64 v0.0.0-20250402043228-5f86851c373c h1:R1+TX2jXyxWZGz/LLgLATRKNx8xvZdrm4Q4ZHcRVejw=
github.com/tommie/v8go/deps/linux_arm64 v0.0.0-20250402043228-5f86851c373c/go.mod h1:B/myVnZ82IRgW//OzDnHArcOzW8Yq7FbWnMnYPbZ0Hc=
golang.org/x/crypto v0.37.0 h1:kJNSjF/Xp7kU0iB2Z+9viTPMW4EqqsrywMXLJOOsXSE=
golang.org/x/crypto v0.37.0/go.mod h1:vg+k43peMZ0pUMhYmVAWysMK35e6ioLh3wB8ZCAfbVc=
golang.org/x/net v0.0.0-20211216030914-fe4d6282115f/go.mod h1:9nx3DQGgdP8bBQD5qxJ1jj9UTztislL4KSBs9R2vV5Y=
golang.org/x/net v0.39.0 h1:ZCu7HMWDxpXpaiKdhzIfaltL9Lp31x/3fCP11bc6/fY=
golang.org/x/net v0.39.0/go.mod h1:X7NRbYVEA+ewNkCNyJ513WmMdQ3BineSwVtN2zD/d+E=
golang.org/x/sys v0.0.0-20201119102817-f84b799fce68/go.mod h1:h1NjWce9XRLGQEsW7wpKNCjG9DtNlClVuFLEZdDNbEs=
golang.org/x/sys v0.0.0-20210423082822-04245dca01da/go.mod h1:h1NjWce9XRLGQEsW7wpKNCjG9DtNlClVuFLEZdDNbEs=
golang.org/x/sys v0.32.0 h1:s77OFDvIQeibCmezSnk/q6iAfkdiQaJi4VzroCFrN20=
golang.org/x/sys v0.32.0/go.mod h1:BJP2sWEmIv4KK5OTEluFJCKSidICx8ciO85XgH3Ak8k=
golang.org/x/term v0.0.0-20201126162022-7de9c90e9dd1/go.mod h1:bj7SfCRtBDWHUb9snDiAeCFNEtKQo2Wmx5Cou7ajbmo=
golang.org/x/text v0.3.6/go.mod h1:5Zoc/QRtKVWzQhOtBMvqHzDpF6irO9z98xDceosuGiQ=
golang.org/x/text v0.24.0 h1:dd5Bzh4yt5KYA8f9CJHCP4FB4D51c2c6JvN37xJJkJ0=
golang.org/x/text v0.24.0/go.mod h1:L8rBsPeo2pSS+xqN0d5u2ikmjtmoJbDBT1b7nHvFCdU=
golang.org/x/tools v0.0.0-20180917221912-90fa682c2a6e/go.mod h1:n7NCudcB/nEzxVGmLbDWY5pfWTLqBcC2KZ6jyYvM4mQ=
golang.org/x/tools v0.28.0 h1:WuB6qZ4RPCQo5aP3WdKZS7i595EdWqWR8vqJTlwTVK8=
golang.org/x/tools v0.28.0/go.mod h1:dcIOrVd3mfQKTgrDVQHqCPMWy6lnhfhtX3hLXYVLfRw=
golang.org/x/xerrors v0.0.0-20191204190536-9bdfabe68543/go.mod h1:I/5z698sn9Ka8TeJc9MKroUUfqBBauWjQqLJ2OPfmY0=
gopkg.in/check.v1 v0.0.0-20161208181325-20d25e280405/go.mod h1:Co6ibVJAznAaIkqp8huTwlJQCZ016jof/cbN4VW5Yz0=
gopkg.in/check.v1 v1.0.0-20200227125254-8fa46927fb4f h1:BLraFXnmrev5lT+xlilqcH8XK9/i0At2xKjWk4p6zsU=
gopkg.in/check.v1 v1.0.0-20200227125254-8fa46927fb4f/go.mod h1:Co6ibVJAznAaIkqp8huTwlJQCZ016jof/cbN4VW5Yz0=
gopkg.in/yaml.v3 v3.0.1 h1:fxVm/GzAzEWqLHuvctI91KS9hhNmmWOoWu0XTYJS7CA=
gopkg.in/yaml.v3 v3.0.1/go.mod h1:K4uyk7z7BCEPqu6E+C64Yfv1cQ7kz7rIZviUmN+EgEM=
